// !$*UTF8*$!
{
	archiveVersion = 1;
	classes = {
	};
	objectVersion = 45;
	objects = {

/* Begin PBXBuildFile section */
		1D3623260D0F684500981E51 /* MCGameAppDelegate.mm in Sources */ = {isa = PBXBuildFile; fileRef = 1D3623250D0F684500981E51 /* MCGameAppDelegate.mm */; };
		1D60589B0D05DD56006BFB54 /* main.m in Sources */ = {isa = PBXBuildFile; fileRef = 29B97316FDCFA39411CA2CEA /* main.m */; };
		1D60589F0D05DD5A006BFB54 /* Foundation.framework in Frameworks */ = {isa = PBXBuildFile; fileRef = 1D30AB110D05D00D00671497 /* Foundation.framework */; };
		1DF5F4E00D08C38300B7A737 /* UIKit.framework in Frameworks */ = {isa = PBXBuildFile; fileRef = 1DF5F4DF0D08C38300B7A737 /* UIKit.framework */; };
		288765FD0DF74451002DB57D /* CoreGraphics.framework in Frameworks */ = {isa = PBXBuildFile; fileRef = 288765FC0DF74451002DB57D /* CoreGraphics.framework */; };
		28AD733F0D9D9553002E5188 /* MainWindow.xib in Resources */ = {isa = PBXBuildFile; fileRef = 28AD733E0D9D9553002E5188 /* MainWindow.xib */; };
		4841F4720FFAFE48001CC354 /* QuartzCore.framework in Frameworks */ = {isa = PBXBuildFile; fileRef = 4841F4710FFAFE48001CC354 /* QuartzCore.framework */; settings = {ATTRIBUTES = (Required, ); }; };
		48A858CF0FFAFA2E0060F0B8 /* OpenGLES.framework in Frameworks */ = {isa = PBXBuildFile; fileRef = 48A858CE0FFAFA2E0060F0B8 /* OpenGLES.framework */; };
		48A858DD0FFAFB550060F0B8 /* EAGLView.mm in Sources */ = {isa = PBXBuildFile; fileRef = 48A858DB0FFAFB550060F0B8 /* EAGLView.mm */; };
		48A858E00FFAFC3B0060F0B8 /* MCInputViewController.mm in Sources */ = {isa = PBXBuildFile; fileRef = 48A858DF0FFAFC3B0060F0B8 /* MCInputViewController.mm */; };
		48A858E30FFAFC450060F0B8 /* MCSceneController.mm in Sources */ = {isa = PBXBuildFile; fileRef = 48A858E20FFAFC450060F0B8 /* MCSceneController.mm */; };
		48A858E60FFAFC4D0060F0B8 /* MCSceneObject.mm in Sources */ = {isa = PBXBuildFile; fileRef = 48A858E50FFAFC4D0060F0B8 /* MCSceneObject.mm */; };
		48C2AB8A10032DE100F0CFA0 /* MCMesh.mm in Sources */ = {isa = PBXBuildFile; fileRef = 48C2AB8910032DE100F0CFA0 /* MCMesh.mm */; };
		A303B51F1629407300BDA199 /* MCOBJLoader.mm in Sources */ = {isa = PBXBuildFile; fileRef = A303B51E1629407300BDA199 /* MCOBJLoader.mm */; };
		A3051EDD16302870006DFF96 /* MCCountingPlaySceneController__1.mm in Sources */ = {isa = PBXBuildFile; fileRef = A3051EDC16302870006DFF96 /* MCCountingPlaySceneController__1.mm */; };
		A3051EE016303278006DFF96 /* MCCountingPlayInputViewController__1.mm in Sources */ = {isa = PBXBuildFile; fileRef = A3051EDF16303278006DFF96 /* MCCountingPlayInputViewController__1.mm */; };
		A3051EE316303894006DFF96 /* InputController.mm in Sources */ = {isa = PBXBuildFile; fileRef = A3051EE216303894006DFF96 /* InputController.mm */; };
		A309D8FD165F883000CDA1DC /* RCCube.m in Sources */ = {isa = PBXBuildFile; fileRef = A309D8FA165F883000CDA1DC /* RCCube.m */; };
		A309D8FE165F883000CDA1DC /* RCRubiksCube.m in Sources */ = {isa = PBXBuildFile; fileRef = A309D8FC165F883000CDA1DC /* RCRubiksCube.m */; };
		A30C47D1161C38E70057C5E1 /* MCButton.m in Sources */ = {isa = PBXBuildFile; fileRef = A30C47D0161C38E70057C5E1 /* MCButton.m */; };
		A30C47D4161C694F0057C5E1 /* MCTexturedButton.m in Sources */ = {isa = PBXBuildFile; fileRef = A30C47D3161C694F0057C5E1 /* MCTexturedButton.m */; };
		A30C47D8161C723F0057C5E1 /* MCTexturedMesh.m in Sources */ = {isa = PBXBuildFile; fileRef = A30C47D7161C723E0057C5E1 /* MCTexturedMesh.m */; };
		A30C47DF161C86F70057C5E1 /* Cube.m in Sources */ = {isa = PBXBuildFile; fileRef = A30C47DE161C86F70057C5E1 /* Cube.m */; };
		A30C47E2161C874F0057C5E1 /* MCMobileObject.m in Sources */ = {isa = PBXBuildFile; fileRef = A30C47E1161C874F0057C5E1 /* MCMobileObject.m */; };
		A30C47E5161C8A370057C5E1 /* particleAtlas.plist in Resources */ = {isa = PBXBuildFile; fileRef = A30C47E3161C8A360057C5E1 /* particleAtlas.plist */; };
		A30C47E6161C8A370057C5E1 /* particleAtlas.png in Resources */ = {isa = PBXBuildFile; fileRef = A30C47E4161C8A370057C5E1 /* particleAtlas.png */; };
		A32A33BA163BA7C7007840CC /* ClassDiagrm.png in Resources */ = {isa = PBXBuildFile; fileRef = A32A33B8163BA7C7007840CC /* ClassDiagrm.png */; };
		A32A33BB163BA7C7007840CC /* ClassDiagrm.uxf in Resources */ = {isa = PBXBuildFile; fileRef = A32A33B9163BA7C7007840CC /* ClassDiagrm.uxf */; };
		A3359E57168E944D002F9459 /* SVProgressHUD.m in Sources */ = {isa = PBXBuildFile; fileRef = A3359E56168E944D002F9459 /* SVProgressHUD.m */; };
		A3359E5E168E9764002F9459 /* error.png in Resources */ = {isa = PBXBuildFile; fileRef = A3359E58168E9764002F9459 /* error.png */; };
		A3359E5F168E9764002F9459 /* error@2x.png in Resources */ = {isa = PBXBuildFile; fileRef = A3359E59168E9764002F9459 /* error@2x.png */; };
		A3359E60168E9764002F9459 /* success.png in Resources */ = {isa = PBXBuildFile; fileRef = A3359E5A168E9764002F9459 /* success.png */; };
		A3359E61168E9764002F9459 /* success@2x.png in Resources */ = {isa = PBXBuildFile; fileRef = A3359E5B168E9764002F9459 /* success@2x.png */; };
		A3359E62168E9764002F9459 /* sr_refresh.png in Resources */ = {isa = PBXBuildFile; fileRef = A3359E5C168E9764002F9459 /* sr_refresh.png */; };
		A3359E63168E9764002F9459 /* sr_refresh@2X.png in Resources */ = {isa = PBXBuildFile; fileRef = A3359E5D168E9764002F9459 /* sr_refresh@2X.png */; };
		A3359E6B168EB6A7002F9459 /* MBProgressHUD.m in Sources */ = {isa = PBXBuildFile; fileRef = A3359E6A168EB6A7002F9459 /* MBProgressHUD.m */; };
		A358750F161F146000998085 /* ButtonMerged.plist in Resources */ = {isa = PBXBuildFile; fileRef = A358750D161F146000998085 /* ButtonMerged.plist */; };
		A3587515161F2C3000998085 /* ButtonMerged.png in Resources */ = {isa = PBXBuildFile; fileRef = A3587514161F2C3000998085 /* ButtonMerged.png */; };
		A3587518161F355400998085 /* MainWindow-iPad.xib in Resources */ = {isa = PBXBuildFile; fileRef = A3587517161F355400998085 /* MainWindow-iPad.xib */; };
		A358753A16207FA500998085 /* sixcolor.png in Resources */ = {isa = PBXBuildFile; fileRef = A358753916207FA500998085 /* sixcolor.png */; };
		A37F8812166B876C00B0A59F /* cubeBlack2.png in Resources */ = {isa = PBXBuildFile; fileRef = A37F8811166B876C00B0A59F /* cubeBlack2.png */; };
		A3BDFF5816BCF8FE00892504 /* MCStepCounter.m in Sources */ = {isa = PBXBuildFile; fileRef = A3BDFF5716BCF8FE00892504 /* MCStepCounter.m */; };
		A3BDFF6116BD4E9B00892504 /* countNumber.png in Resources */ = {isa = PBXBuildFile; fileRef = A3BDFF6016BD4E9A00892504 /* countNumber.png */; };
		A3BDFF6816BD519300892504 /* countNumber.plist in Resources */ = {isa = PBXBuildFile; fileRef = A3BDFF6716BD519300892504 /* countNumber.plist */; };
		A3BF9205161D4C4600829D13 /* cubeTexture.png in Resources */ = {isa = PBXBuildFile; fileRef = A3BF9204161D4C4600829D13 /* cubeTexture.png */; };
		A3C1D18216957371004EB56C /* MCCollider.mm in Sources */ = {isa = PBXBuildFile; fileRef = A3C1D18116957371004EB56C /* MCCollider.mm */; };
		A3C1D18A169596DE004EB56C /* MCCollisionController.mm in Sources */ = {isa = PBXBuildFile; fileRef = A3C1D189169596DD004EB56C /* MCCollisionController.mm */; };
		A3C8FEA3165D2A53007E0046 /* cube.png in Resources */ = {isa = PBXBuildFile; fileRef = A3C8FEA2165D2A52007E0046 /* cube.png */; };
		A3C8FEA6165D3D6A007E0046 /* MCMagicCubeUIModelController.m in Sources */ = {isa = PBXBuildFile; fileRef = A3C8FEA5165D3D69007E0046 /* MCMagicCubeUIModelController.m */; };
		A3CB5F8A16A67A7D006F03D5 /* MCRay.h in Sources */ = {isa = PBXBuildFile; fileRef = A3935B3C165A296400B60A07 /* MCRay.h */; };
		A3CB5F8B16A67A7D006F03D5 /* MCRay.mm in Sources */ = {isa = PBXBuildFile; fileRef = A3935B3D165A296400B60A07 /* MCRay.mm */; };
		A3CB5F8C16A67A7D006F03D5 /* MCGL.h in Sources */ = {isa = PBXBuildFile; fileRef = A3935B3E165A296400B60A07 /* MCGL.h */; };
		A3CB5F8D16A67A7D006F03D5 /* MCGL.mm in Sources */ = {isa = PBXBuildFile; fileRef = A3935B3F165A296400B60A07 /* MCGL.mm */; };
		A3CB5F8E16A67ACB006F03D5 /* Quaternion.hpp in Sources */ = {isa = PBXBuildFile; fileRef = A3CB360515FF55D600914E58 /* Quaternion.hpp */; };
		A3CB5F8F16A67ACB006F03D5 /* Matrix.hpp in Sources */ = {isa = PBXBuildFile; fileRef = A3CB360615FF55D600914E58 /* Matrix.hpp */; };
		A3CB5F9016A67ACB006F03D5 /* Vector.hpp in Sources */ = {isa = PBXBuildFile; fileRef = A3CB360715FF55D600914E58 /* Vector.hpp */; };
		A3CB5F9116A67ACB006F03D5 /* MCPoint.h in Sources */ = {isa = PBXBuildFile; fileRef = A3F2ACBB1616D23E00D622B8 /* MCPoint.h */; };
		A3CB5FF116ABD29C006F03D5 /* MCScore.m in Sources */ = {isa = PBXBuildFile; fileRef = A3CB5FEE16ABD29C006F03D5 /* MCScore.m */; };
		A3CB5FF216ABD29C006F03D5 /* MCUser.m in Sources */ = {isa = PBXBuildFile; fileRef = A3CB5FF016ABD29C006F03D5 /* MCUser.m */; };
		A3CB5FFC16ABD2AC006F03D5 /* MCUserCalculator.m in Sources */ = {isa = PBXBuildFile; fileRef = A3CB5FF616ABD2AC006F03D5 /* MCUserCalculator.m */; };
		A3CB5FFD16ABD2AC006F03D5 /* MCUserManagerController.m in Sources */ = {isa = PBXBuildFile; fileRef = A3CB5FF816ABD2AC006F03D5 /* MCUserManagerController.m */; };
		A3CB5FFE16ABD2AC006F03D5 /* MCUserManagerModel.m in Sources */ = {isa = PBXBuildFile; fileRef = A3CB5FFA16ABD2AC006F03D5 /* MCUserManagerModel.m */; };
		A3CB600E16ABD55B006F03D5 /* UserManagerSystemViewController.m in Sources */ = {isa = PBXBuildFile; fileRef = A3CB600316ABD55B006F03D5 /* UserManagerSystemViewController.m */; };
		A3CB600F16ABD55B006F03D5 /* UserManagerSystemViewController.xib in Resources */ = {isa = PBXBuildFile; fileRef = A3CB600416ABD55B006F03D5 /* UserManagerSystemViewController.xib */; };
		A3CB601016ABD55B006F03D5 /* PopChangeUserViewController.m in Sources */ = {isa = PBXBuildFile; fileRef = A3CB600616ABD55B006F03D5 /* PopChangeUserViewController.m */; };
		A3CB601116ABD55B006F03D5 /* PopChangeUserViewController.xib in Resources */ = {isa = PBXBuildFile; fileRef = A3CB600716ABD55B006F03D5 /* PopChangeUserViewController.xib */; };
		A3CB601216ABD55B006F03D5 /* PopCreateUserViewController.m in Sources */ = {isa = PBXBuildFile; fileRef = A3CB600916ABD55B006F03D5 /* PopCreateUserViewController.m */; };
		A3CB601316ABD55B006F03D5 /* PopCreateUserViewController.xib in Resources */ = {isa = PBXBuildFile; fileRef = A3CB600A16ABD55B006F03D5 /* PopCreateUserViewController.xib */; };
		A3CB601416ABD55B006F03D5 /* ScoreCell.m in Sources */ = {isa = PBXBuildFile; fileRef = A3CB600C16ABD55B006F03D5 /* ScoreCell.m */; };
		A3CB601516ABD55B006F03D5 /* ScoreCell.xib in Resources */ = {isa = PBXBuildFile; fileRef = A3CB600D16ABD55B006F03D5 /* ScoreCell.xib */; };
		A3CB601616ABD62A006F03D5 /* UserManagerSystemViewController.h in Sources */ = {isa = PBXBuildFile; fileRef = A3CB600216ABD55B006F03D5 /* UserManagerSystemViewController.h */; };
		A3CB601716ABD62A006F03D5 /* PopChangeUserViewController.h in Sources */ = {isa = PBXBuildFile; fileRef = A3CB600516ABD55B006F03D5 /* PopChangeUserViewController.h */; };
		A3CB601816ABD62A006F03D5 /* PopCreateUserViewController.h in Sources */ = {isa = PBXBuildFile; fileRef = A3CB600816ABD55B006F03D5 /* PopCreateUserViewController.h */; };
		A3CB601916ABD62A006F03D5 /* ScoreCell.h in Sources */ = {isa = PBXBuildFile; fileRef = A3CB600B16ABD55B006F03D5 /* ScoreCell.h */; };
		A3CB601B16ABD62A006F03D5 /* MCUserCalculator.h in Sources */ = {isa = PBXBuildFile; fileRef = A3CB5FF516ABD2AC006F03D5 /* MCUserCalculator.h */; };
		A3CB601C16ABD62A006F03D5 /* MCUserManagerController.h in Sources */ = {isa = PBXBuildFile; fileRef = A3CB5FF716ABD2AC006F03D5 /* MCUserManagerController.h */; };
		A3CB601D16ABD62A006F03D5 /* MCUserManagerModel.h in Sources */ = {isa = PBXBuildFile; fileRef = A3CB5FF916ABD2AC006F03D5 /* MCUserManagerModel.h */; };
		A3CB601E16ABD62A006F03D5 /* MCScore.h in Sources */ = {isa = PBXBuildFile; fileRef = A3CB5FED16ABD29C006F03D5 /* MCScore.h */; };
		A3CB601F16ABD62A006F03D5 /* MCUser.h in Sources */ = {isa = PBXBuildFile; fileRef = A3CB5FEF16ABD29C006F03D5 /* MCUser.h */; };
		A3CB602216ABD903006F03D5 /* MCDBController.h in Sources */ = {isa = PBXBuildFile; fileRef = A3CB5FF316ABD2AC006F03D5 /* MCDBController.h */; };
		A3CB602316ABD903006F03D5 /* MCDBController.m in Sources */ = {isa = PBXBuildFile; fileRef = A3CB5FF416ABD2AC006F03D5 /* MCDBController.m */; };
		A3CB602816ABD9BE006F03D5 /* libsqlite3.0.dylib in Frameworks */ = {isa = PBXBuildFile; fileRef = A3CB602716ABD9BE006F03D5 /* libsqlite3.0.dylib */; };
		A3D2FC801638D2FD00517CCF /* sceneController.m in Sources */ = {isa = PBXBuildFile; fileRef = A3D2FC7F1638D2FD00517CCF /* sceneController.m */; };
		A3D30BAA1619356200BA477E /* MCTexturedQuad.m in Sources */ = {isa = PBXBuildFile; fileRef = A3D30BA91619356200BA477E /* MCTexturedQuad.m */; };
		A3D30BAE161937DF00BA477E /* MCAnimatedQuad.m in Sources */ = {isa = PBXBuildFile; fileRef = A3D30BAD161937DF00BA477E /* MCAnimatedQuad.m */; };
		A3DB2596162D993900AB9F00 /* CoordinatingController.m in Sources */ = {isa = PBXBuildFile; fileRef = A3DB2595162D993900AB9F00 /* CoordinatingController.m */; };
		A3E1ADBA16A3C3160050B52D /* readme_config.rtf in Resources */ = {isa = PBXBuildFile; fileRef = A3E1ADB916A3C3160050B52D /* readme_config.rtf */; };
		A3E1ADBC16A3C40C0050B52D /* readme_scene5.rtf in Resources */ = {isa = PBXBuildFile; fileRef = A3E1ADBB16A3C40C0050B52D /* readme_scene5.rtf */; };
		A3E1ADBE16A3C47D0050B52D /* readme_Scene1.rtf in Resources */ = {isa = PBXBuildFile; fileRef = A3E1ADBD16A3C47D0050B52D /* readme_Scene1.rtf */; };
		A3E1ADC016A3C67E0050B52D /* readme_MainMenu.rtf in Resources */ = {isa = PBXBuildFile; fileRef = A3E1ADBF16A3C67E0050B52D /* readme_MainMenu.rtf */; };
		A3E1ADC216A3C7E70050B52D /* readme_ApplicationContext.rtf in Resources */ = {isa = PBXBuildFile; fileRef = A3E1ADC116A3C7E70050B52D /* readme_ApplicationContext.rtf */; };
		A3E1ADC416A3CA8F0050B52D /* readme_MagicCubeUIModel.rtf in Resources */ = {isa = PBXBuildFile; fileRef = A3E1ADC316A3CA8F0050B52D /* readme_MagicCubeUIModel.rtf */; };
		A3E1ADC616A3CC020050B52D /* readme_SceneObjects.rtf in Resources */ = {isa = PBXBuildFile; fileRef = A3E1ADC516A3CC020050B52D /* readme_SceneObjects.rtf */; };
		A3E1ADC816A3D1E20050B52D /* readme_OBJLoader.rtf in Resources */ = {isa = PBXBuildFile; fileRef = A3E1ADC716A3D1E20050B52D /* readme_OBJLoader.rtf */; };
		A3E1ADCA16A3D2830050B52D /* readme_ProgressBar.rtf in Resources */ = {isa = PBXBuildFile; fileRef = A3E1ADC916A3D2830050B52D /* readme_ProgressBar.rtf */; };
		A3E1ADCC16A3D2EE0050B52D /* readme_raydectionUtil.rtf in Resources */ = {isa = PBXBuildFile; fileRef = A3E1ADCB16A3D2EE0050B52D /* readme_raydectionUtil.rtf */; };
		A3E1ADCF16A3D3210050B52D /* readme_MathUtil.rtf in Resources */ = {isa = PBXBuildFile; fileRef = A3E1ADCE16A3D3210050B52D /* readme_MathUtil.rtf */; };
		A3E855AC1663A50F00DE3ED9 /* cube1126_2.obj in Resources */ = {isa = PBXBuildFile; fileRef = A3E855AA1663A50F00DE3ED9 /* cube1126_2.obj */; };
		A3E855B01663A69100DE3ED9 /* RadiusOneCubeWithPic.obj in Resources */ = {isa = PBXBuildFile; fileRef = A3E855AF1663A69100DE3ED9 /* RadiusOneCubeWithPic.obj */; };
		A3E855B21663A9C400DE3ED9 /* cube1126_original.obj in Resources */ = {isa = PBXBuildFile; fileRef = A3E855B11663A9C400DE3ED9 /* cube1126_original.obj */; };
		A3EB454816BE358700DBB8B7 /* MCMultiDigitCounter.m in Sources */ = {isa = PBXBuildFile; fileRef = A3EB454716BE358700DBB8B7 /* MCMultiDigitCounter.m */; };
		A3F2ACB61616CE6700D622B8 /* MCMaterialController.m in Sources */ = {isa = PBXBuildFile; fileRef = A3F2ACB51616CE6700D622B8 /* MCMaterialController.m */; };
		A3F2ACBA1616CF9900D622B8 /* MCParticleSystem.m in Sources */ = {isa = PBXBuildFile; fileRef = A3F2ACB91616CF9900D622B8 /* MCParticleSystem.m */; };
		A3F2ACC01616D9BB00D622B8 /* MCParticle.m in Sources */ = {isa = PBXBuildFile; fileRef = A3F2ACBF1616D9BB00D622B8 /* MCParticle.m */; };
/* End PBXBuildFile section */

/* Begin PBXFileReference section */
		1D30AB110D05D00D00671497 /* Foundation.framework */ = {isa = PBXFileReference; lastKnownFileType = wrapper.framework; name = Foundation.framework; path = System/Library/Frameworks/Foundation.framework; sourceTree = SDKROOT; };
		1D3623240D0F684500981E51 /* MCGameAppDelegate.h */ = {isa = PBXFileReference; fileEncoding = 4; lastKnownFileType = sourcecode.c.h; path = MCGameAppDelegate.h; sourceTree = "<group>"; };
		1D3623250D0F684500981E51 /* MCGameAppDelegate.mm */ = {isa = PBXFileReference; fileEncoding = 4; lastKnownFileType = sourcecode.cpp.objcpp; path = MCGameAppDelegate.mm; sourceTree = "<group>"; };
		1D6058910D05DD3D006BFB54 /* MCGame.app */ = {isa = PBXFileReference; explicitFileType = wrapper.application; includeInIndex = 0; path = MCGame.app; sourceTree = BUILT_PRODUCTS_DIR; };
		1DF5F4DF0D08C38300B7A737 /* UIKit.framework */ = {isa = PBXFileReference; lastKnownFileType = wrapper.framework; name = UIKit.framework; path = System/Library/Frameworks/UIKit.framework; sourceTree = SDKROOT; };
		288765FC0DF74451002DB57D /* CoreGraphics.framework */ = {isa = PBXFileReference; lastKnownFileType = wrapper.framework; name = CoreGraphics.framework; path = System/Library/Frameworks/CoreGraphics.framework; sourceTree = SDKROOT; };
		28AD733E0D9D9553002E5188 /* MainWindow.xib */ = {isa = PBXFileReference; lastKnownFileType = file.xib; path = MainWindow.xib; sourceTree = "<group>"; };
		29B97316FDCFA39411CA2CEA /* main.m */ = {isa = PBXFileReference; fileEncoding = 4; lastKnownFileType = sourcecode.c.objc; path = main.m; sourceTree = "<group>"; };
		32CA4F630368D1EE00C91783 /* MCGame_Prefix.pch */ = {isa = PBXFileReference; fileEncoding = 4; lastKnownFileType = sourcecode.c.h; path = MCGame_Prefix.pch; sourceTree = "<group>"; };
		4841F4710FFAFE48001CC354 /* QuartzCore.framework */ = {isa = PBXFileReference; lastKnownFileType = wrapper.framework; name = QuartzCore.framework; path = System/Library/Frameworks/QuartzCore.framework; sourceTree = SDKROOT; };
		48A858CE0FFAFA2E0060F0B8 /* OpenGLES.framework */ = {isa = PBXFileReference; lastKnownFileType = wrapper.framework; name = OpenGLES.framework; path = System/Library/Frameworks/OpenGLES.framework; sourceTree = SDKROOT; };
		48A858DB0FFAFB550060F0B8 /* EAGLView.mm */ = {isa = PBXFileReference; fileEncoding = 4; lastKnownFileType = sourcecode.cpp.objcpp; path = EAGLView.mm; sourceTree = "<group>"; };
		48A858DC0FFAFB550060F0B8 /* EAGLView.h */ = {isa = PBXFileReference; fileEncoding = 4; lastKnownFileType = sourcecode.c.h; path = EAGLView.h; sourceTree = "<group>"; };
		48A858DE0FFAFC3B0060F0B8 /* MCInputViewController.h */ = {isa = PBXFileReference; fileEncoding = 4; lastKnownFileType = sourcecode.c.h; path = MCInputViewController.h; sourceTree = "<group>"; };
		48A858DF0FFAFC3B0060F0B8 /* MCInputViewController.mm */ = {isa = PBXFileReference; fileEncoding = 4; lastKnownFileType = sourcecode.cpp.objcpp; path = MCInputViewController.mm; sourceTree = "<group>"; };
		48A858E10FFAFC450060F0B8 /* MCSceneController.h */ = {isa = PBXFileReference; fileEncoding = 4; lastKnownFileType = sourcecode.c.h; path = MCSceneController.h; sourceTree = "<group>"; };
		48A858E20FFAFC450060F0B8 /* MCSceneController.mm */ = {isa = PBXFileReference; fileEncoding = 4; lastKnownFileType = sourcecode.cpp.objcpp; path = MCSceneController.mm; sourceTree = "<group>"; };
		48A858E40FFAFC4D0060F0B8 /* MCSceneObject.h */ = {isa = PBXFileReference; fileEncoding = 4; lastKnownFileType = sourcecode.c.h; path = MCSceneObject.h; sourceTree = "<group>"; };
		48A858E50FFAFC4D0060F0B8 /* MCSceneObject.mm */ = {isa = PBXFileReference; fileEncoding = 4; lastKnownFileType = sourcecode.cpp.objcpp; path = MCSceneObject.mm; sourceTree = "<group>"; };
		48C2AB8810032DE100F0CFA0 /* MCMesh.h */ = {isa = PBXFileReference; fileEncoding = 4; lastKnownFileType = sourcecode.c.h; path = MCMesh.h; sourceTree = "<group>"; };
		48C2AB8910032DE100F0CFA0 /* MCMesh.mm */ = {isa = PBXFileReference; fileEncoding = 4; lastKnownFileType = sourcecode.cpp.objcpp; path = MCMesh.mm; sourceTree = "<group>"; };
		8D1107310486CEB800E47090 /* MCGame-Info.plist */ = {isa = PBXFileReference; fileEncoding = 4; lastKnownFileType = text.plist.xml; path = "MCGame-Info.plist"; plistStructureDefinitionIdentifier = "com.apple.xcode.plist.structure-definition.iphone.info-plist"; sourceTree = "<group>"; };
		A303B51D1629407300BDA199 /* MCOBJLoader.h */ = {isa = PBXFileReference; fileEncoding = 4; lastKnownFileType = sourcecode.c.h; path = MCOBJLoader.h; sourceTree = "<group>"; };
		A303B51E1629407300BDA199 /* MCOBJLoader.mm */ = {isa = PBXFileReference; fileEncoding = 4; lastKnownFileType = sourcecode.cpp.objcpp; path = MCOBJLoader.mm; sourceTree = "<group>"; };
		A3051EDB16302870006DFF96 /* MCCountingPlaySceneController__1.h */ = {isa = PBXFileReference; fileEncoding = 4; lastKnownFileType = sourcecode.c.h; path = MCCountingPlaySceneController__1.h; sourceTree = "<group>"; };
		A3051EDC16302870006DFF96 /* MCCountingPlaySceneController__1.mm */ = {isa = PBXFileReference; fileEncoding = 4; lastKnownFileType = sourcecode.cpp.objcpp; path = MCCountingPlaySceneController__1.mm; sourceTree = "<group>"; };
		A3051EDE16303278006DFF96 /* MCCountingPlayInputViewController__1.h */ = {isa = PBXFileReference; fileEncoding = 4; lastKnownFileType = sourcecode.c.h; path = MCCountingPlayInputViewController__1.h; sourceTree = "<group>"; };
		A3051EDF16303278006DFF96 /* MCCountingPlayInputViewController__1.mm */ = {isa = PBXFileReference; fileEncoding = 4; lastKnownFileType = sourcecode.cpp.objcpp; path = MCCountingPlayInputViewController__1.mm; sourceTree = "<group>"; };
		A3051EE116303894006DFF96 /* InputController.h */ = {isa = PBXFileReference; fileEncoding = 4; lastKnownFileType = sourcecode.c.h; path = InputController.h; sourceTree = "<group>"; };
		A3051EE216303894006DFF96 /* InputController.mm */ = {isa = PBXFileReference; fileEncoding = 4; lastKnownFileType = sourcecode.cpp.objcpp; path = InputController.mm; sourceTree = "<group>"; };
		A309D8F8165F883000CDA1DC /* Global.h */ = {isa = PBXFileReference; fileEncoding = 4; lastKnownFileType = sourcecode.c.h; path = Global.h; sourceTree = "<group>"; };
		A309D8F9165F883000CDA1DC /* RCCube.h */ = {isa = PBXFileReference; fileEncoding = 4; lastKnownFileType = sourcecode.c.h; path = RCCube.h; sourceTree = "<group>"; };
		A309D8FA165F883000CDA1DC /* RCCube.m */ = {isa = PBXFileReference; fileEncoding = 4; lastKnownFileType = sourcecode.c.objc; path = RCCube.m; sourceTree = "<group>"; };
		A309D8FB165F883000CDA1DC /* RCRubiksCube.h */ = {isa = PBXFileReference; fileEncoding = 4; lastKnownFileType = sourcecode.c.h; path = RCRubiksCube.h; sourceTree = "<group>"; };
		A309D8FC165F883000CDA1DC /* RCRubiksCube.m */ = {isa = PBXFileReference; fileEncoding = 4; lastKnownFileType = sourcecode.c.objc; path = RCRubiksCube.m; sourceTree = "<group>"; };
		A30C47CF161C38E70057C5E1 /* MCButton.h */ = {isa = PBXFileReference; fileEncoding = 4; lastKnownFileType = sourcecode.c.h; path = MCButton.h; sourceTree = "<group>"; };
		A30C47D0161C38E70057C5E1 /* MCButton.m */ = {isa = PBXFileReference; fileEncoding = 4; lastKnownFileType = sourcecode.c.objc; path = MCButton.m; sourceTree = "<group>"; };
		A30C47D2161C694F0057C5E1 /* MCTexturedButton.h */ = {isa = PBXFileReference; fileEncoding = 4; lastKnownFileType = sourcecode.c.h; path = MCTexturedButton.h; sourceTree = "<group>"; };
		A30C47D3161C694F0057C5E1 /* MCTexturedButton.m */ = {isa = PBXFileReference; fileEncoding = 4; lastKnownFileType = sourcecode.c.objc; path = MCTexturedButton.m; sourceTree = "<group>"; };
		A30C47D6161C723E0057C5E1 /* MCTexturedMesh.h */ = {isa = PBXFileReference; fileEncoding = 4; lastKnownFileType = sourcecode.c.h; path = MCTexturedMesh.h; sourceTree = "<group>"; };
		A30C47D7161C723E0057C5E1 /* MCTexturedMesh.m */ = {isa = PBXFileReference; fileEncoding = 4; lastKnownFileType = sourcecode.c.objc; path = MCTexturedMesh.m; sourceTree = "<group>"; };
		A30C47DA161C72CD0057C5E1 /* TestCubeData.h */ = {isa = PBXFileReference; lastKnownFileType = sourcecode.c.h; path = TestCubeData.h; sourceTree = "<group>"; };
		A30C47DD161C86F70057C5E1 /* Cube.h */ = {isa = PBXFileReference; fileEncoding = 4; lastKnownFileType = sourcecode.c.h; path = Cube.h; sourceTree = "<group>"; };
		A30C47DE161C86F70057C5E1 /* Cube.m */ = {isa = PBXFileReference; fileEncoding = 4; lastKnownFileType = sourcecode.c.objc; path = Cube.m; sourceTree = "<group>"; };
		A30C47E0161C874F0057C5E1 /* MCMobileObject.h */ = {isa = PBXFileReference; fileEncoding = 4; lastKnownFileType = sourcecode.c.h; path = MCMobileObject.h; sourceTree = "<group>"; };
		A30C47E1161C874F0057C5E1 /* MCMobileObject.m */ = {isa = PBXFileReference; fileEncoding = 4; lastKnownFileType = sourcecode.c.objc; path = MCMobileObject.m; sourceTree = "<group>"; };
		A30C47E3161C8A360057C5E1 /* particleAtlas.plist */ = {isa = PBXFileReference; fileEncoding = 4; lastKnownFileType = text.plist.xml; name = particleAtlas.plist; path = Classes/particleAtlas.plist; sourceTree = "<group>"; };
		A30C47E4161C8A370057C5E1 /* particleAtlas.png */ = {isa = PBXFileReference; lastKnownFileType = image.png; name = particleAtlas.png; path = Classes/particleAtlas.png; sourceTree = "<group>"; };
		A32A33B8163BA7C7007840CC /* ClassDiagrm.png */ = {isa = PBXFileReference; lastKnownFileType = image.png; path = ClassDiagrm.png; sourceTree = "<group>"; };
		A32A33B9163BA7C7007840CC /* ClassDiagrm.uxf */ = {isa = PBXFileReference; fileEncoding = 4; lastKnownFileType = text.xml; path = ClassDiagrm.uxf; sourceTree = "<group>"; };
		A3359E55168E944D002F9459 /* SVProgressHUD.h */ = {isa = PBXFileReference; fileEncoding = 4; lastKnownFileType = sourcecode.c.h; path = SVProgressHUD.h; sourceTree = "<group>"; };
		A3359E56168E944D002F9459 /* SVProgressHUD.m */ = {isa = PBXFileReference; fileEncoding = 4; lastKnownFileType = sourcecode.c.objc; path = SVProgressHUD.m; sourceTree = "<group>"; };
		A3359E58168E9764002F9459 /* error.png */ = {isa = PBXFileReference; lastKnownFileType = image.png; name = error.png; path = Classes/error.png; sourceTree = "<group>"; };
		A3359E59168E9764002F9459 /* error@2x.png */ = {isa = PBXFileReference; lastKnownFileType = image.png; name = "error@2x.png"; path = "Classes/error@2x.png"; sourceTree = "<group>"; };
		A3359E5A168E9764002F9459 /* success.png */ = {isa = PBXFileReference; lastKnownFileType = image.png; name = success.png; path = Classes/success.png; sourceTree = "<group>"; };
		A3359E5B168E9764002F9459 /* success@2x.png */ = {isa = PBXFileReference; lastKnownFileType = image.png; name = "success@2x.png"; path = "Classes/success@2x.png"; sourceTree = "<group>"; };
		A3359E5C168E9764002F9459 /* sr_refresh.png */ = {isa = PBXFileReference; lastKnownFileType = image.png; name = sr_refresh.png; path = Classes/sr_refresh.png; sourceTree = "<group>"; };
		A3359E5D168E9764002F9459 /* sr_refresh@2X.png */ = {isa = PBXFileReference; lastKnownFileType = image.png; name = "sr_refresh@2X.png"; path = "Classes/sr_refresh@2X.png"; sourceTree = "<group>"; };
		A3359E69168EB6A7002F9459 /* MBProgressHUD.h */ = {isa = PBXFileReference; fileEncoding = 4; lastKnownFileType = sourcecode.c.h; path = MBProgressHUD.h; sourceTree = "<group>"; };
		A3359E6A168EB6A7002F9459 /* MBProgressHUD.m */ = {isa = PBXFileReference; fileEncoding = 4; lastKnownFileType = sourcecode.c.objc; path = MBProgressHUD.m; sourceTree = "<group>"; };
		A358750D161F146000998085 /* ButtonMerged.plist */ = {isa = PBXFileReference; fileEncoding = 4; lastKnownFileType = text.plist.xml; path = ButtonMerged.plist; sourceTree = "<group>"; };
		A3587514161F2C3000998085 /* ButtonMerged.png */ = {isa = PBXFileReference; lastKnownFileType = image.png; path = ButtonMerged.png; sourceTree = "<group>"; };
		A3587517161F355400998085 /* MainWindow-iPad.xib */ = {isa = PBXFileReference; lastKnownFileType = file.xib; name = "MainWindow-iPad.xib"; path = "iPad/MainWindow-iPad.xib"; sourceTree = "<group>"; };
		A358752B161FF1C600998085 /* data.hpp */ = {isa = PBXFileReference; lastKnownFileType = sourcecode.cpp.h; path = data.hpp; sourceTree = "<group>"; };
		A358753916207FA500998085 /* sixcolor.png */ = {isa = PBXFileReference; lastKnownFileType = image.png; path = sixcolor.png; sourceTree = "<group>"; };
		A37F8811166B876C00B0A59F /* cubeBlack2.png */ = {isa = PBXFileReference; lastKnownFileType = image.png; path = cubeBlack2.png; sourceTree = "<group>"; };
		A3935B3C165A296400B60A07 /* MCRay.h */ = {isa = PBXFileReference; lastKnownFileType = sourcecode.c.h; path = MCRay.h; sourceTree = "<group>"; };
		A3935B3D165A296400B60A07 /* MCRay.mm */ = {isa = PBXFileReference; lastKnownFileType = sourcecode.cpp.objcpp; path = MCRay.mm; sourceTree = "<group>"; };
		A3935B3E165A296400B60A07 /* MCGL.h */ = {isa = PBXFileReference; lastKnownFileType = sourcecode.c.h; path = MCGL.h; sourceTree = "<group>"; };
		A3935B3F165A296400B60A07 /* MCGL.mm */ = {isa = PBXFileReference; lastKnownFileType = sourcecode.cpp.objcpp; path = MCGL.mm; sourceTree = "<group>"; };
		A3BDFF5616BCF8FE00892504 /* MCStepCounter.h */ = {isa = PBXFileReference; fileEncoding = 4; lastKnownFileType = sourcecode.c.h; path = MCStepCounter.h; sourceTree = "<group>"; };
		A3BDFF5716BCF8FE00892504 /* MCStepCounter.m */ = {isa = PBXFileReference; fileEncoding = 4; lastKnownFileType = sourcecode.c.objc; path = MCStepCounter.m; sourceTree = "<group>"; };
		A3BDFF6016BD4E9A00892504 /* countNumber.png */ = {isa = PBXFileReference; lastKnownFileType = image.png; path = countNumber.png; sourceTree = "<group>"; };
		A3BDFF6716BD519300892504 /* countNumber.plist */ = {isa = PBXFileReference; fileEncoding = 4; lastKnownFileType = text.plist.xml; path = countNumber.plist; sourceTree = "<group>"; };
		A3BF9204161D4C4600829D13 /* cubeTexture.png */ = {isa = PBXFileReference; lastKnownFileType = image.png; name = cubeTexture.png; path = Classes/cubeTexture.png; sourceTree = "<group>"; };
		A3C1D18016957371004EB56C /* MCCollider.h */ = {isa = PBXFileReference; fileEncoding = 4; lastKnownFileType = sourcecode.c.h; path = MCCollider.h; sourceTree = "<group>"; };
		A3C1D18116957371004EB56C /* MCCollider.mm */ = {isa = PBXFileReference; fileEncoding = 4; lastKnownFileType = sourcecode.cpp.objcpp; path = MCCollider.mm; sourceTree = "<group>"; };
		A3C1D188169596DD004EB56C /* MCCollisionController.h */ = {isa = PBXFileReference; fileEncoding = 4; lastKnownFileType = sourcecode.c.h; path = MCCollisionController.h; sourceTree = "<group>"; };
		A3C1D189169596DD004EB56C /* MCCollisionController.mm */ = {isa = PBXFileReference; fileEncoding = 4; lastKnownFileType = sourcecode.cpp.objcpp; path = MCCollisionController.mm; sourceTree = "<group>"; };
		A3C8FEA2165D2A52007E0046 /* cube.png */ = {isa = PBXFileReference; lastKnownFileType = image.png; path = cube.png; sourceTree = "<group>"; };
		A3C8FEA4165D3D69007E0046 /* MCMagicCubeUIModelController.h */ = {isa = PBXFileReference; fileEncoding = 4; lastKnownFileType = sourcecode.c.h; path = MCMagicCubeUIModelController.h; sourceTree = "<group>"; };
		A3C8FEA5165D3D69007E0046 /* MCMagicCubeUIModelController.m */ = {isa = PBXFileReference; fileEncoding = 4; lastKnownFileType = sourcecode.c.objc; path = MCMagicCubeUIModelController.m; sourceTree = "<group>"; };
		A3CB360515FF55D600914E58 /* Quaternion.hpp */ = {isa = PBXFileReference; fileEncoding = 4; lastKnownFileType = sourcecode.cpp.h; path = Quaternion.hpp; sourceTree = "<group>"; };
		A3CB360615FF55D600914E58 /* Matrix.hpp */ = {isa = PBXFileReference; fileEncoding = 4; lastKnownFileType = sourcecode.cpp.h; path = Matrix.hpp; sourceTree = "<group>"; };
		A3CB360715FF55D600914E58 /* Vector.hpp */ = {isa = PBXFileReference; fileEncoding = 4; lastKnownFileType = sourcecode.cpp.h; path = Vector.hpp; sourceTree = "<group>"; };
		A3CB5FED16ABD29C006F03D5 /* MCScore.h */ = {isa = PBXFileReference; fileEncoding = 4; lastKnownFileType = sourcecode.c.h; path = MCScore.h; sourceTree = "<group>"; };
		A3CB5FEE16ABD29C006F03D5 /* MCScore.m */ = {isa = PBXFileReference; fileEncoding = 4; lastKnownFileType = sourcecode.c.objc; path = MCScore.m; sourceTree = "<group>"; };
		A3CB5FEF16ABD29C006F03D5 /* MCUser.h */ = {isa = PBXFileReference; fileEncoding = 4; lastKnownFileType = sourcecode.c.h; path = MCUser.h; sourceTree = "<group>"; };
		A3CB5FF016ABD29C006F03D5 /* MCUser.m */ = {isa = PBXFileReference; fileEncoding = 4; lastKnownFileType = sourcecode.c.objc; path = MCUser.m; sourceTree = "<group>"; };
		A3CB5FF316ABD2AC006F03D5 /* MCDBController.h */ = {isa = PBXFileReference; fileEncoding = 4; lastKnownFileType = sourcecode.c.h; path = MCDBController.h; sourceTree = "<group>"; };
		A3CB5FF416ABD2AC006F03D5 /* MCDBController.m */ = {isa = PBXFileReference; fileEncoding = 4; lastKnownFileType = sourcecode.c.objc; path = MCDBController.m; sourceTree = "<group>"; };
		A3CB5FF516ABD2AC006F03D5 /* MCUserCalculator.h */ = {isa = PBXFileReference; fileEncoding = 4; lastKnownFileType = sourcecode.c.h; path = MCUserCalculator.h; sourceTree = "<group>"; };
		A3CB5FF616ABD2AC006F03D5 /* MCUserCalculator.m */ = {isa = PBXFileReference; fileEncoding = 4; lastKnownFileType = sourcecode.c.objc; path = MCUserCalculator.m; sourceTree = "<group>"; };
		A3CB5FF716ABD2AC006F03D5 /* MCUserManagerController.h */ = {isa = PBXFileReference; fileEncoding = 4; lastKnownFileType = sourcecode.c.h; path = MCUserManagerController.h; sourceTree = "<group>"; };
		A3CB5FF816ABD2AC006F03D5 /* MCUserManagerController.m */ = {isa = PBXFileReference; fileEncoding = 4; lastKnownFileType = sourcecode.c.objc; path = MCUserManagerController.m; sourceTree = "<group>"; };
		A3CB5FF916ABD2AC006F03D5 /* MCUserManagerModel.h */ = {isa = PBXFileReference; fileEncoding = 4; lastKnownFileType = sourcecode.c.h; path = MCUserManagerModel.h; sourceTree = "<group>"; };
		A3CB5FFA16ABD2AC006F03D5 /* MCUserManagerModel.m */ = {isa = PBXFileReference; fileEncoding = 4; lastKnownFileType = sourcecode.c.objc; path = MCUserManagerModel.m; sourceTree = "<group>"; };
		A3CB600216ABD55B006F03D5 /* UserManagerSystemViewController.h */ = {isa = PBXFileReference; fileEncoding = 4; lastKnownFileType = sourcecode.c.h; path = UserManagerSystemViewController.h; sourceTree = "<group>"; };
		A3CB600316ABD55B006F03D5 /* UserManagerSystemViewController.m */ = {isa = PBXFileReference; fileEncoding = 4; lastKnownFileType = sourcecode.c.objc; path = UserManagerSystemViewController.m; sourceTree = "<group>"; };
		A3CB600416ABD55B006F03D5 /* UserManagerSystemViewController.xib */ = {isa = PBXFileReference; fileEncoding = 4; lastKnownFileType = file.xib; path = UserManagerSystemViewController.xib; sourceTree = "<group>"; };
		A3CB600516ABD55B006F03D5 /* PopChangeUserViewController.h */ = {isa = PBXFileReference; fileEncoding = 4; lastKnownFileType = sourcecode.c.h; path = PopChangeUserViewController.h; sourceTree = "<group>"; };
		A3CB600616ABD55B006F03D5 /* PopChangeUserViewController.m */ = {isa = PBXFileReference; fileEncoding = 4; lastKnownFileType = sourcecode.c.objc; path = PopChangeUserViewController.m; sourceTree = "<group>"; };
		A3CB600716ABD55B006F03D5 /* PopChangeUserViewController.xib */ = {isa = PBXFileReference; fileEncoding = 4; lastKnownFileType = file.xib; path = PopChangeUserViewController.xib; sourceTree = "<group>"; };
		A3CB600816ABD55B006F03D5 /* PopCreateUserViewController.h */ = {isa = PBXFileReference; fileEncoding = 4; lastKnownFileType = sourcecode.c.h; path = PopCreateUserViewController.h; sourceTree = "<group>"; };
		A3CB600916ABD55B006F03D5 /* PopCreateUserViewController.m */ = {isa = PBXFileReference; fileEncoding = 4; lastKnownFileType = sourcecode.c.objc; path = PopCreateUserViewController.m; sourceTree = "<group>"; };
		A3CB600A16ABD55B006F03D5 /* PopCreateUserViewController.xib */ = {isa = PBXFileReference; fileEncoding = 4; lastKnownFileType = file.xib; path = PopCreateUserViewController.xib; sourceTree = "<group>"; };
		A3CB600B16ABD55B006F03D5 /* ScoreCell.h */ = {isa = PBXFileReference; fileEncoding = 4; lastKnownFileType = sourcecode.c.h; path = ScoreCell.h; sourceTree = "<group>"; };
		A3CB600C16ABD55B006F03D5 /* ScoreCell.m */ = {isa = PBXFileReference; fileEncoding = 4; lastKnownFileType = sourcecode.c.objc; path = ScoreCell.m; sourceTree = "<group>"; };
		A3CB600D16ABD55B006F03D5 /* ScoreCell.xib */ = {isa = PBXFileReference; fileEncoding = 4; lastKnownFileType = file.xib; path = ScoreCell.xib; sourceTree = "<group>"; };
		A3CB602716ABD9BE006F03D5 /* libsqlite3.0.dylib */ = {isa = PBXFileReference; lastKnownFileType = "compiled.mach-o.dylib"; name = libsqlite3.0.dylib; path = usr/lib/libsqlite3.0.dylib; sourceTree = SDKROOT; };
		A3D2FC7E1638D2FD00517CCF /* sceneController.h */ = {isa = PBXFileReference; fileEncoding = 4; lastKnownFileType = sourcecode.c.h; path = sceneController.h; sourceTree = "<group>"; };
		A3D2FC7F1638D2FD00517CCF /* sceneController.m */ = {isa = PBXFileReference; fileEncoding = 4; lastKnownFileType = sourcecode.c.objc; path = sceneController.m; sourceTree = "<group>"; };
		A3D30BA81619356200BA477E /* MCTexturedQuad.h */ = {isa = PBXFileReference; fileEncoding = 4; lastKnownFileType = sourcecode.c.h; path = MCTexturedQuad.h; sourceTree = "<group>"; };
		A3D30BA91619356200BA477E /* MCTexturedQuad.m */ = {isa = PBXFileReference; fileEncoding = 4; lastKnownFileType = sourcecode.c.objc; path = MCTexturedQuad.m; sourceTree = "<group>"; };
		A3D30BAC161937DF00BA477E /* MCAnimatedQuad.h */ = {isa = PBXFileReference; fileEncoding = 4; lastKnownFileType = sourcecode.c.h; path = MCAnimatedQuad.h; sourceTree = "<group>"; };
		A3D30BAD161937DF00BA477E /* MCAnimatedQuad.m */ = {isa = PBXFileReference; fileEncoding = 4; lastKnownFileType = sourcecode.c.objc; path = MCAnimatedQuad.m; sourceTree = "<group>"; };
		A3DB2594162D993900AB9F00 /* CoordinatingController.h */ = {isa = PBXFileReference; fileEncoding = 4; lastKnownFileType = sourcecode.c.h; path = CoordinatingController.h; sourceTree = "<group>"; };
		A3DB2595162D993900AB9F00 /* CoordinatingController.m */ = {isa = PBXFileReference; fileEncoding = 4; lastKnownFileType = sourcecode.c.objc; path = CoordinatingController.m; sourceTree = "<group>"; };
		A3E1ADB916A3C3160050B52D /* readme_config.rtf */ = {isa = PBXFileReference; fileEncoding = 4; lastKnownFileType = text.rtf; path = readme_config.rtf; sourceTree = "<group>"; };
		A3E1ADBB16A3C40C0050B52D /* readme_scene5.rtf */ = {isa = PBXFileReference; fileEncoding = 4; lastKnownFileType = text.rtf; path = readme_scene5.rtf; sourceTree = "<group>"; };
		A3E1ADBD16A3C47D0050B52D /* readme_Scene1.rtf */ = {isa = PBXFileReference; fileEncoding = 4; lastKnownFileType = text.rtf; path = readme_Scene1.rtf; sourceTree = "<group>"; };
		A3E1ADBF16A3C67E0050B52D /* readme_MainMenu.rtf */ = {isa = PBXFileReference; fileEncoding = 4; lastKnownFileType = text.rtf; path = readme_MainMenu.rtf; sourceTree = "<group>"; };
		A3E1ADC116A3C7E70050B52D /* readme_ApplicationContext.rtf */ = {isa = PBXFileReference; fileEncoding = 4; lastKnownFileType = text.rtf; path = readme_ApplicationContext.rtf; sourceTree = "<group>"; };
		A3E1ADC316A3CA8F0050B52D /* readme_MagicCubeUIModel.rtf */ = {isa = PBXFileReference; fileEncoding = 4; lastKnownFileType = text.rtf; path = readme_MagicCubeUIModel.rtf; sourceTree = "<group>"; };
		A3E1ADC516A3CC020050B52D /* readme_SceneObjects.rtf */ = {isa = PBXFileReference; fileEncoding = 4; lastKnownFileType = text.rtf; path = readme_SceneObjects.rtf; sourceTree = "<group>"; };
		A3E1ADC716A3D1E20050B52D /* readme_OBJLoader.rtf */ = {isa = PBXFileReference; fileEncoding = 4; lastKnownFileType = text.rtf; path = readme_OBJLoader.rtf; sourceTree = "<group>"; };
		A3E1ADC916A3D2830050B52D /* readme_ProgressBar.rtf */ = {isa = PBXFileReference; fileEncoding = 4; lastKnownFileType = text.rtf; path = readme_ProgressBar.rtf; sourceTree = "<group>"; };
		A3E1ADCB16A3D2EE0050B52D /* readme_raydectionUtil.rtf */ = {isa = PBXFileReference; fileEncoding = 4; lastKnownFileType = text.rtf; path = readme_raydectionUtil.rtf; sourceTree = "<group>"; };
		A3E1ADCE16A3D3210050B52D /* readme_MathUtil.rtf */ = {isa = PBXFileReference; fileEncoding = 4; lastKnownFileType = text.rtf; path = readme_MathUtil.rtf; sourceTree = "<group>"; };
		A3E855AA1663A50F00DE3ED9 /* cube1126_2.obj */ = {isa = PBXFileReference; fileEncoding = 4; lastKnownFileType = text; path = cube1126_2.obj; sourceTree = "<group>"; };
		A3E855AF1663A69100DE3ED9 /* RadiusOneCubeWithPic.obj */ = {isa = PBXFileReference; fileEncoding = 4; lastKnownFileType = text; path = RadiusOneCubeWithPic.obj; sourceTree = "<group>"; };
		A3E855B11663A9C400DE3ED9 /* cube1126_original.obj */ = {isa = PBXFileReference; fileEncoding = 4; lastKnownFileType = text; path = cube1126_original.obj; sourceTree = "<group>"; };
		A3EB454616BE358700DBB8B7 /* MCMultiDigitCounter.h */ = {isa = PBXFileReference; fileEncoding = 4; lastKnownFileType = sourcecode.c.h; path = MCMultiDigitCounter.h; sourceTree = "<group>"; };
		A3EB454716BE358700DBB8B7 /* MCMultiDigitCounter.m */ = {isa = PBXFileReference; fileEncoding = 4; lastKnownFileType = sourcecode.c.objc; path = MCMultiDigitCounter.m; sourceTree = "<group>"; };
		A3F2ACB41616CE6700D622B8 /* MCMaterialController.h */ = {isa = PBXFileReference; fileEncoding = 4; lastKnownFileType = sourcecode.c.h; path = MCMaterialController.h; sourceTree = "<group>"; };
		A3F2ACB51616CE6700D622B8 /* MCMaterialController.m */ = {isa = PBXFileReference; fileEncoding = 4; lastKnownFileType = sourcecode.c.objc; path = MCMaterialController.m; sourceTree = "<group>"; };
		A3F2ACB81616CF9900D622B8 /* MCParticleSystem.h */ = {isa = PBXFileReference; fileEncoding = 4; lastKnownFileType = sourcecode.c.h; name = MCParticleSystem.h; path = ../MCParticleSystem.h; sourceTree = "<group>"; };
		A3F2ACB91616CF9900D622B8 /* MCParticleSystem.m */ = {isa = PBXFileReference; fileEncoding = 4; lastKnownFileType = sourcecode.c.objc; name = MCParticleSystem.m; path = ../MCParticleSystem.m; sourceTree = "<group>"; };
		A3F2ACBB1616D23E00D622B8 /* MCPoint.h */ = {isa = PBXFileReference; lastKnownFileType = sourcecode.c.h; path = MCPoint.h; sourceTree = "<group>"; };
		A3F2ACBE1616D9BB00D622B8 /* MCParticle.h */ = {isa = PBXFileReference; fileEncoding = 4; lastKnownFileType = sourcecode.c.h; path = MCParticle.h; sourceTree = "<group>"; };
		A3F2ACBF1616D9BB00D622B8 /* MCParticle.m */ = {isa = PBXFileReference; fileEncoding = 4; lastKnownFileType = sourcecode.c.objc; path = MCParticle.m; sourceTree = "<group>"; };
		A3F2ACC11616E1CE00D622B8 /* MCConfiguration.h */ = {isa = PBXFileReference; lastKnownFileType = sourcecode.c.h; path = MCConfiguration.h; sourceTree = "<group>"; };
/* End PBXFileReference section */

/* Begin PBXFrameworksBuildPhase section */
		1D60588F0D05DD3D006BFB54 /* Frameworks */ = {
			isa = PBXFrameworksBuildPhase;
			buildActionMask = 2147483647;
			files = (
				A3CB602816ABD9BE006F03D5 /* libsqlite3.0.dylib in Frameworks */,
				1D60589F0D05DD5A006BFB54 /* Foundation.framework in Frameworks */,
				1DF5F4E00D08C38300B7A737 /* UIKit.framework in Frameworks */,
				288765FD0DF74451002DB57D /* CoreGraphics.framework in Frameworks */,
				48A858CF0FFAFA2E0060F0B8 /* OpenGLES.framework in Frameworks */,
				4841F4720FFAFE48001CC354 /* QuartzCore.framework in Frameworks */,
			);
			runOnlyForDeploymentPostprocessing = 0;
		};
/* End PBXFrameworksBuildPhase section */

/* Begin PBXGroup section */
		080E96DDFE201D6D7F000001 /* Classes */ = {
			isa = PBXGroup;
			children = (
				A309D8F7165F867800CDA1DC /* DataModel */,
				E06328C9165CCC6E00C28336 /* Utils */,
				A32A33B5163BA72C007840CC /* Controllers */,
				A30C47D9161C72A70057C5E1 /* Config */,
				A3F2ACBD1616D97800D622B8 /* SceneObjects */,
			);
			path = Classes;
			sourceTree = "<group>";
		};
		19C28FACFE9D520D11CA2CBB /* Products */ = {
			isa = PBXGroup;
			children = (
				1D6058910D05DD3D006BFB54 /* MCGame.app */,
			);
			name = Products;
			sourceTree = "<group>";
		};
		29B97314FDCFA39411CA2CEA /* CustomTemplate */ = {
			isa = PBXGroup;
			children = (
				A3CB602716ABD9BE006F03D5 /* libsqlite3.0.dylib */,
				080E96DDFE201D6D7F000001 /* Classes */,
				29B97315FDCFA39411CA2CEA /* Other Sources */,
				29B97317FDCFA39411CA2CEA /* Resources */,
				A3587516161F355200998085 /* iPad */,
				29B97323FDCFA39411CA2CEA /* Frameworks */,
				19C28FACFE9D520D11CA2CBB /* Products */,
			);
			name = CustomTemplate;
			sourceTree = "<group>";
		};
		29B97315FDCFA39411CA2CEA /* Other Sources */ = {
			isa = PBXGroup;
			children = (
				32CA4F630368D1EE00C91783 /* MCGame_Prefix.pch */,
				29B97316FDCFA39411CA2CEA /* main.m */,
			);
			name = "Other Sources";
			sourceTree = "<group>";
		};
		29B97317FDCFA39411CA2CEA /* Resources */ = {
			isa = PBXGroup;
			children = (
				E06328C8165CCAF900C28336 /* OBJ Files */,
				A32A33B7163BA7AA007840CC /* Doc */,
				A3587519161F3FFD00998085 /* imageResource */,
				28AD733E0D9D9553002E5188 /* MainWindow.xib */,
				8D1107310486CEB800E47090 /* MCGame-Info.plist */,
			);
			name = Resources;
			sourceTree = "<group>";
		};
		29B97323FDCFA39411CA2CEA /* Frameworks */ = {
			isa = PBXGroup;
			children = (
				48A858CE0FFAFA2E0060F0B8 /* OpenGLES.framework */,
				4841F4710FFAFE48001CC354 /* QuartzCore.framework */,
				1DF5F4DF0D08C38300B7A737 /* UIKit.framework */,
				1D30AB110D05D00D00671497 /* Foundation.framework */,
				288765FC0DF74451002DB57D /* CoreGraphics.framework */,
			);
			name = Frameworks;
			sourceTree = "<group>";
		};
		A309D8F7165F867800CDA1DC /* DataModel */ = {
			isa = PBXGroup;
			children = (
				A309D8F8165F883000CDA1DC /* Global.h */,
				A309D8F9165F883000CDA1DC /* RCCube.h */,
				A309D8FA165F883000CDA1DC /* RCCube.m */,
				A309D8FB165F883000CDA1DC /* RCRubiksCube.h */,
				A309D8FC165F883000CDA1DC /* RCRubiksCube.m */,
			);
			name = DataModel;
			sourceTree = "<group>";
		};
		A30C47D5161C6F1C0057C5E1 /* MathUtil */ = {
			isa = PBXGroup;
			children = (
				A3CB360515FF55D600914E58 /* Quaternion.hpp */,
				A3CB360615FF55D600914E58 /* Matrix.hpp */,
				A3CB360715FF55D600914E58 /* Vector.hpp */,
				A3F2ACBB1616D23E00D622B8 /* MCPoint.h */,
				A3E1ADCE16A3D3210050B52D /* readme_MathUtil.rtf */,
			);
			name = MathUtil;
			sourceTree = "<group>";
		};
		A30C47D9161C72A70057C5E1 /* Config */ = {
			isa = PBXGroup;
			children = (
				A30C47DA161C72CD0057C5E1 /* TestCubeData.h */,
				A358752B161FF1C600998085 /* data.hpp */,
				A3E1ADB916A3C3160050B52D /* readme_config.rtf */,
			);
			name = Config;
			sourceTree = "<group>";
		};
		A32A33B5163BA72C007840CC /* Controllers */ = {
			isa = PBXGroup;
			children = (
				A3CB5FEB16ABD240006F03D5 /* UserSystem */,
				A3E1ADB516A3B7D60050B52D /* ApplicationContext */,
				A3E1ADB616A3C1800050B52D /* MacgicCubeUIModel */,
				A3E1ADB016A3B6090050B52D /* MainMenu */,
				A3E1ADAC16A3B5EF0050B52D /* Scene1 */,
				A3E1ADAF16A3B6070050B52D /* Scene2 */,
				A3E1ADB116A3B62F0050B52D /* Scene3 */,
				A3E1ADB216A3B6410050B52D /* scene4 */,
				A3E1ADB316A3B64A0050B52D /* scene5 */,
			);
			name = Controllers;
			sourceTree = "<group>";
		};
		A32A33B7163BA7AA007840CC /* Doc */ = {
			isa = PBXGroup;
			children = (
				A32A33B8163BA7C7007840CC /* ClassDiagrm.png */,
				A32A33B9163BA7C7007840CC /* ClassDiagrm.uxf */,
			);
			name = Doc;
			sourceTree = "<group>";
		};
		A3359E53168E9417002F9459 /* ProgressBar */ = {
			isa = PBXGroup;
			children = (
				A3359E55168E944D002F9459 /* SVProgressHUD.h */,
				A3359E56168E944D002F9459 /* SVProgressHUD.m */,
				A3359E69168EB6A7002F9459 /* MBProgressHUD.h */,
				A3359E6A168EB6A7002F9459 /* MBProgressHUD.m */,
				A3E1ADC916A3D2830050B52D /* readme_ProgressBar.rtf */,
			);
			name = ProgressBar;
			sourceTree = "<group>";
		};
		A3359E64168E9777002F9459 /* progressbar */ = {
			isa = PBXGroup;
			children = (
				A3359E58168E9764002F9459 /* error.png */,
				A3359E59168E9764002F9459 /* error@2x.png */,
				A3359E5A168E9764002F9459 /* success.png */,
				A3359E5B168E9764002F9459 /* success@2x.png */,
				A3359E5C168E9764002F9459 /* sr_refresh.png */,
				A3359E5D168E9764002F9459 /* sr_refresh@2X.png */,
			);
			name = progressbar;
			sourceTree = "<group>";
		};
		A3587516161F355200998085 /* iPad */ = {
			isa = PBXGroup;
			children = (
				A3587517161F355400998085 /* MainWindow-iPad.xib */,
			);
			name = iPad;
			sourceTree = "<group>";
		};
		A3587519161F3FFD00998085 /* imageResource */ = {
			isa = PBXGroup;
			children = (
				A3359E64168E9777002F9459 /* progressbar */,
				A3BDFF6016BD4E9A00892504 /* countNumber.png */,
				A3BDFF6716BD519300892504 /* countNumber.plist */,
				A37F8811166B876C00B0A59F /* cubeBlack2.png */,
				A3C8FEA2165D2A52007E0046 /* cube.png */,
				A358750D161F146000998085 /* ButtonMerged.plist */,
				A3587514161F2C3000998085 /* ButtonMerged.png */,
				A358753916207FA500998085 /* sixcolor.png */,
				A30C47E3161C8A360057C5E1 /* particleAtlas.plist */,
				A30C47E4161C8A370057C5E1 /* particleAtlas.png */,
				A3BF9204161D4C4600829D13 /* cubeTexture.png */,
			);
			name = imageResource;
			sourceTree = "<group>";
		};
		A3935B41165A296900B60A07 /* RayDectionUtil */ = {
			isa = PBXGroup;
			children = (
				A3935B3C165A296400B60A07 /* MCRay.h */,
				A3935B3D165A296400B60A07 /* MCRay.mm */,
				A3935B3E165A296400B60A07 /* MCGL.h */,
				A3935B3F165A296400B60A07 /* MCGL.mm */,
				A3E1ADCB16A3D2EE0050B52D /* readme_raydectionUtil.rtf */,
			);
			name = RayDectionUtil;
			sourceTree = "<group>";
		};
		A3CB5FEB16ABD240006F03D5 /* UserSystem */ = {
			isa = PBXGroup;
			children = (
				A3CB600116ABD54C006F03D5 /* Views */,
				A3CB5FEC16ABD284006F03D5 /* DataStructureClass */,
			);
			name = UserSystem;
			sourceTree = "<group>";
		};
		A3CB5FEC16ABD284006F03D5 /* DataStructureClass */ = {
			isa = PBXGroup;
			children = (
				A3CB5FF316ABD2AC006F03D5 /* MCDBController.h */,
				A3CB5FF416ABD2AC006F03D5 /* MCDBController.m */,
				A3CB5FF516ABD2AC006F03D5 /* MCUserCalculator.h */,
				A3CB5FF616ABD2AC006F03D5 /* MCUserCalculator.m */,
				A3CB5FF716ABD2AC006F03D5 /* MCUserManagerController.h */,
				A3CB5FF816ABD2AC006F03D5 /* MCUserManagerController.m */,
				A3CB5FF916ABD2AC006F03D5 /* MCUserManagerModel.h */,
				A3CB5FFA16ABD2AC006F03D5 /* MCUserManagerModel.m */,
				A3CB5FED16ABD29C006F03D5 /* MCScore.h */,
				A3CB5FEE16ABD29C006F03D5 /* MCScore.m */,
				A3CB5FEF16ABD29C006F03D5 /* MCUser.h */,
				A3CB5FF016ABD29C006F03D5 /* MCUser.m */,
			);
			name = DataStructureClass;
			sourceTree = "<group>";
		};
		A3CB600116ABD54C006F03D5 /* Views */ = {
			isa = PBXGroup;
			children = (
				A3CB600216ABD55B006F03D5 /* UserManagerSystemViewController.h */,
				A3CB600316ABD55B006F03D5 /* UserManagerSystemViewController.m */,
				A3CB600416ABD55B006F03D5 /* UserManagerSystemViewController.xib */,
				A3CB600516ABD55B006F03D5 /* PopChangeUserViewController.h */,
				A3CB600616ABD55B006F03D5 /* PopChangeUserViewController.m */,
				A3CB600716ABD55B006F03D5 /* PopChangeUserViewController.xib */,
				A3CB600816ABD55B006F03D5 /* PopCreateUserViewController.h */,
				A3CB600916ABD55B006F03D5 /* PopCreateUserViewController.m */,
				A3CB600A16ABD55B006F03D5 /* PopCreateUserViewController.xib */,
				A3CB600B16ABD55B006F03D5 /* ScoreCell.h */,
				A3CB600C16ABD55B006F03D5 /* ScoreCell.m */,
				A3CB600D16ABD55B006F03D5 /* ScoreCell.xib */,
			);
			name = Views;
			sourceTree = "<group>";
		};
		A3E1ADAC16A3B5EF0050B52D /* Scene1 */ = {
			isa = PBXGroup;
			children = (
				A3051EDE16303278006DFF96 /* MCCountingPlayInputViewController__1.h */,
				A3051EDF16303278006DFF96 /* MCCountingPlayInputViewController__1.mm */,
				A3051EDB16302870006DFF96 /* MCCountingPlaySceneController__1.h */,
				A3051EDC16302870006DFF96 /* MCCountingPlaySceneController__1.mm */,
				A3E1ADBD16A3C47D0050B52D /* readme_Scene1.rtf */,
			);
			name = Scene1;
			sourceTree = "<group>";
		};
		A3E1ADAF16A3B6070050B52D /* Scene2 */ = {
			isa = PBXGroup;
			children = (
			);
			name = Scene2;
			sourceTree = "<group>";
		};
		A3E1ADB016A3B6090050B52D /* MainMenu */ = {
			isa = PBXGroup;
			children = (
				48A858DE0FFAFC3B0060F0B8 /* MCInputViewController.h */,
				48A858DF0FFAFC3B0060F0B8 /* MCInputViewController.mm */,
				48A858E10FFAFC450060F0B8 /* MCSceneController.h */,
				48A858E20FFAFC450060F0B8 /* MCSceneController.mm */,
				A3E1ADBF16A3C67E0050B52D /* readme_MainMenu.rtf */,
			);
			name = MainMenu;
			sourceTree = "<group>";
		};
		A3E1ADB116A3B62F0050B52D /* Scene3 */ = {
			isa = PBXGroup;
			children = (
			);
			name = Scene3;
			sourceTree = "<group>";
		};
		A3E1ADB216A3B6410050B52D /* scene4 */ = {
			isa = PBXGroup;
			children = (
			);
			name = scene4;
			sourceTree = "<group>";
		};
		A3E1ADB316A3B64A0050B52D /* scene5 */ = {
			isa = PBXGroup;
			children = (
				A3E1ADBB16A3C40C0050B52D /* readme_scene5.rtf */,
			);
			name = scene5;
			sourceTree = "<group>";
		};
		A3E1ADB416A3B71B0050B52D /* OBJLoader */ = {
			isa = PBXGroup;
			children = (
				A3F2ACB41616CE6700D622B8 /* MCMaterialController.h */,
				A3F2ACB51616CE6700D622B8 /* MCMaterialController.m */,
				A303B51D1629407300BDA199 /* MCOBJLoader.h */,
				A303B51E1629407300BDA199 /* MCOBJLoader.mm */,
				A3E1ADC716A3D1E20050B52D /* readme_OBJLoader.rtf */,
			);
			name = OBJLoader;
			sourceTree = "<group>";
		};
		A3E1ADB516A3B7D60050B52D /* ApplicationContext */ = {
			isa = PBXGroup;
			children = (
				A3F2ACC11616E1CE00D622B8 /* MCConfiguration.h */,
				A3C1D188169596DD004EB56C /* MCCollisionController.h */,
				A3C1D189169596DD004EB56C /* MCCollisionController.mm */,
				1D3623240D0F684500981E51 /* MCGameAppDelegate.h */,
				1D3623250D0F684500981E51 /* MCGameAppDelegate.mm */,
				A3DB2594162D993900AB9F00 /* CoordinatingController.h */,
				A3DB2595162D993900AB9F00 /* CoordinatingController.m */,
				48A858DC0FFAFB550060F0B8 /* EAGLView.h */,
				48A858DB0FFAFB550060F0B8 /* EAGLView.mm */,
				A3051EE116303894006DFF96 /* InputController.h */,
				A3051EE216303894006DFF96 /* InputController.mm */,
				A3D2FC7E1638D2FD00517CCF /* sceneController.h */,
				A3D2FC7F1638D2FD00517CCF /* sceneController.m */,
				A3E1ADC116A3C7E70050B52D /* readme_ApplicationContext.rtf */,
			);
			name = ApplicationContext;
			sourceTree = "<group>";
		};
		A3E1ADB616A3C1800050B52D /* MacgicCubeUIModel */ = {
			isa = PBXGroup;
			children = (
				A3C8FEA4165D3D69007E0046 /* MCMagicCubeUIModelController.h */,
				A3C8FEA5165D3D69007E0046 /* MCMagicCubeUIModelController.m */,
				A3E1ADC316A3CA8F0050B52D /* readme_MagicCubeUIModel.rtf */,
			);
			name = MacgicCubeUIModel;
			sourceTree = "<group>";
		};
		A3EB454A16BEB45600DBB8B7 /* StepCounter */ = {
			isa = PBXGroup;
			children = (
				A3BDFF5616BCF8FE00892504 /* MCStepCounter.h */,
				A3BDFF5716BCF8FE00892504 /* MCStepCounter.m */,
				A3EB454616BE358700DBB8B7 /* MCMultiDigitCounter.h */,
				A3EB454716BE358700DBB8B7 /* MCMultiDigitCounter.m */,
			);
			name = StepCounter;
			sourceTree = "<group>";
		};
		A3EB454B16BEB47200DBB8B7 /* Button */ = {
			isa = PBXGroup;
			children = (
				A30C47D3161C694F0057C5E1 /* MCTexturedButton.m */,
				A30C47CF161C38E70057C5E1 /* MCButton.h */,
				A30C47D0161C38E70057C5E1 /* MCButton.m */,
				A30C47D2161C694F0057C5E1 /* MCTexturedButton.h */,
			);
			name = Button;
			sourceTree = "<group>";
		};
		A3F2ACBD1616D97800D622B8 /* SceneObjects */ = {
			isa = PBXGroup;
			children = (
				48A858E40FFAFC4D0060F0B8 /* MCSceneObject.h */,
				48A858E50FFAFC4D0060F0B8 /* MCSceneObject.mm */,
				A3C1D18016957371004EB56C /* MCCollider.h */,
				A3C1D18116957371004EB56C /* MCCollider.mm */,
				A30C47E0161C874F0057C5E1 /* MCMobileObject.h */,
				A30C47E1161C874F0057C5E1 /* MCMobileObject.m */,
				48C2AB8810032DE100F0CFA0 /* MCMesh.h */,
				48C2AB8910032DE100F0CFA0 /* MCMesh.mm */,
				A30C47D6161C723E0057C5E1 /* MCTexturedMesh.h */,
				A30C47D7161C723E0057C5E1 /* MCTexturedMesh.m */,
				A3D30BAC161937DF00BA477E /* MCAnimatedQuad.h */,
				A3D30BAD161937DF00BA477E /* MCAnimatedQuad.m */,
				A3D30BA81619356200BA477E /* MCTexturedQuad.h */,
				A3D30BA91619356200BA477E /* MCTexturedQuad.m */,
				A3F2ACB81616CF9900D622B8 /* MCParticleSystem.h */,
				A3F2ACBE1616D9BB00D622B8 /* MCParticle.h */,
				A3F2ACB91616CF9900D622B8 /* MCParticleSystem.m */,
				A3F2ACBF1616D9BB00D622B8 /* MCParticle.m */,
				A30C47DE161C86F70057C5E1 /* Cube.m */,
				A30C47DD161C86F70057C5E1 /* Cube.h */,
				A3EB454B16BEB47200DBB8B7 /* Button */,
				A3EB454A16BEB45600DBB8B7 /* StepCounter */,
				A3E1ADC516A3CC020050B52D /* readme_SceneObjects.rtf */,
			);
			name = SceneObjects;
			sourceTree = "<group>";
		};
		E06328C8165CCAF900C28336 /* OBJ Files */ = {
			isa = PBXGroup;
			children = (
				A3E855B11663A9C400DE3ED9 /* cube1126_original.obj */,
				A3E855AA1663A50F00DE3ED9 /* cube1126_2.obj */,
				A3E855AF1663A69100DE3ED9 /* RadiusOneCubeWithPic.obj */,
			);
			name = "OBJ Files";
			sourceTree = "<group>";
		};
		E06328C9165CCC6E00C28336 /* Utils */ = {
			isa = PBXGroup;
			children = (
				A3E1ADB416A3B71B0050B52D /* OBJLoader */,
				A3359E53168E9417002F9459 /* ProgressBar */,
				A3935B41165A296900B60A07 /* RayDectionUtil */,
				A30C47D5161C6F1C0057C5E1 /* MathUtil */,
			);
			name = Utils;
			sourceTree = "<group>";
		};
/* End PBXGroup section */

/* Begin PBXNativeTarget section */
		1D6058900D05DD3D006BFB54 /* MCGame */ = {
			isa = PBXNativeTarget;
			buildConfigurationList = 1D6058960D05DD3E006BFB54 /* Build configuration list for PBXNativeTarget "MCGame" */;
			buildPhases = (
				1D60588D0D05DD3D006BFB54 /* Resources */,
				1D60588E0D05DD3D006BFB54 /* Sources */,
				1D60588F0D05DD3D006BFB54 /* Frameworks */,
				E06328C2165CC24B00C28336 /* ShellScript */,
			);
			buildRules = (
			);
			dependencies = (
			);
			name = MCGame;
			productName = MCGame;
			productReference = 1D6058910D05DD3D006BFB54 /* MCGame.app */;
			productType = "com.apple.product-type.application";
		};
/* End PBXNativeTarget section */

/* Begin PBXProject section */
		29B97313FDCFA39411CA2CEA /* Project object */ = {
			isa = PBXProject;
			buildConfigurationList = C01FCF4E08A954540054247B /* Build configuration list for PBXProject "MCGame" */;
			compatibilityVersion = "Xcode 3.1";
			developmentRegion = English;
			hasScannedForEncodings = 1;
			knownRegions = (
				en,
			);
			mainGroup = 29B97314FDCFA39411CA2CEA /* CustomTemplate */;
			projectDirPath = "";
			projectRoot = "";
			targets = (
				1D6058900D05DD3D006BFB54 /* MCGame */,
			);
		};
/* End PBXProject section */

/* Begin PBXResourcesBuildPhase section */
		1D60588D0D05DD3D006BFB54 /* Resources */ = {
			isa = PBXResourcesBuildPhase;
			buildActionMask = 2147483647;
			files = (
				28AD733F0D9D9553002E5188 /* MainWindow.xib in Resources */,
				A30C47E5161C8A370057C5E1 /* particleAtlas.plist in Resources */,
				A30C47E6161C8A370057C5E1 /* particleAtlas.png in Resources */,
				A3BF9205161D4C4600829D13 /* cubeTexture.png in Resources */,
				A358750F161F146000998085 /* ButtonMerged.plist in Resources */,
				A3587515161F2C3000998085 /* ButtonMerged.png in Resources */,
				A3587518161F355400998085 /* MainWindow-iPad.xib in Resources */,
				A358753A16207FA500998085 /* sixcolor.png in Resources */,
				A32A33BA163BA7C7007840CC /* ClassDiagrm.png in Resources */,
				A32A33BB163BA7C7007840CC /* ClassDiagrm.uxf in Resources */,
				A3C8FEA3165D2A53007E0046 /* cube.png in Resources */,
				A3E855AC1663A50F00DE3ED9 /* cube1126_2.obj in Resources */,
				A3E855B01663A69100DE3ED9 /* RadiusOneCubeWithPic.obj in Resources */,
				A3E855B21663A9C400DE3ED9 /* cube1126_original.obj in Resources */,
				A37F8812166B876C00B0A59F /* cubeBlack2.png in Resources */,
				A3359E5E168E9764002F9459 /* error.png in Resources */,
				A3359E5F168E9764002F9459 /* error@2x.png in Resources */,
				A3359E60168E9764002F9459 /* success.png in Resources */,
				A3359E61168E9764002F9459 /* success@2x.png in Resources */,
				A3359E62168E9764002F9459 /* sr_refresh.png in Resources */,
				A3359E63168E9764002F9459 /* sr_refresh@2X.png in Resources */,
				A3E1ADBA16A3C3160050B52D /* readme_config.rtf in Resources */,
				A3E1ADBC16A3C40C0050B52D /* readme_scene5.rtf in Resources */,
				A3E1ADBE16A3C47D0050B52D /* readme_Scene1.rtf in Resources */,
				A3E1ADC016A3C67E0050B52D /* readme_MainMenu.rtf in Resources */,
				A3E1ADC216A3C7E70050B52D /* readme_ApplicationContext.rtf in Resources */,
				A3E1ADC416A3CA8F0050B52D /* readme_MagicCubeUIModel.rtf in Resources */,
				A3E1ADC616A3CC020050B52D /* readme_SceneObjects.rtf in Resources */,
				A3E1ADC816A3D1E20050B52D /* readme_OBJLoader.rtf in Resources */,
				A3E1ADCA16A3D2830050B52D /* readme_ProgressBar.rtf in Resources */,
				A3E1ADCC16A3D2EE0050B52D /* readme_raydectionUtil.rtf in Resources */,
				A3E1ADCF16A3D3210050B52D /* readme_MathUtil.rtf in Resources */,
				A3CB600F16ABD55B006F03D5 /* UserManagerSystemViewController.xib in Resources */,
				A3CB601116ABD55B006F03D5 /* PopChangeUserViewController.xib in Resources */,
				A3CB601316ABD55B006F03D5 /* PopCreateUserViewController.xib in Resources */,
				A3CB601516ABD55B006F03D5 /* ScoreCell.xib in Resources */,
				A3BDFF6116BD4E9B00892504 /* countNumber.png in Resources */,
				A3BDFF6816BD519300892504 /* countNumber.plist in Resources */,
			);
			runOnlyForDeploymentPostprocessing = 0;
		};
/* End PBXResourcesBuildPhase section */

/* Begin PBXShellScriptBuildPhase section */
		E06328C2165CC24B00C28336 /* ShellScript */ = {
			isa = PBXShellScriptBuildPhase;
			buildActionMask = 2147483647;
			files = (
			);
			inputPaths = (
			);
			outputPaths = (
			);
			runOnlyForDeploymentPostprocessing = 0;
			shellPath = /bin/sh;
			shellScript = "export CODESIGN_ALLOCATE=/Applications/Xcode.app/Contents/Developer/Platforms/iPhoneOS.platform/Developer/usr/bin/codesign_allocate\nif [ \"${PLATFORM_NAME}\" == \"iphoneos\" ] || [ \"${PLATFORM_NAME}\" == \"ipados\" ]; then\n/Applications/Xcode.app/Contents/Developer/iphoneentitlements/gen_entitlements.py \"my.company.${PROJECT_NAME}\" \"${BUILT_PRODUCTS_DIR}/${WRAPPER_NAME}/${PROJECT_NAME}.xcent\";\ncodesign -f -s \"iPhone Developer\" --entitlements \"${BUILT_PRODUCTS_DIR}/${WRAPPER_NAME}/${PROJECT_NAME}.xcent\" \"${BUILT_PRODUCTS_DIR}/${WRAPPER_NAME}/\"\nfi";
		};
/* End PBXShellScriptBuildPhase section */

/* Begin PBXSourcesBuildPhase section */
		1D60588E0D05DD3D006BFB54 /* Sources */ = {
			isa = PBXSourcesBuildPhase;
			buildActionMask = 2147483647;
			files = (
				A3CB602216ABD903006F03D5 /* MCDBController.h in Sources */,
				A3CB602316ABD903006F03D5 /* MCDBController.m in Sources */,
				A3CB601616ABD62A006F03D5 /* UserManagerSystemViewController.h in Sources */,
				A3CB601716ABD62A006F03D5 /* PopChangeUserViewController.h in Sources */,
				A3CB601816ABD62A006F03D5 /* PopCreateUserViewController.h in Sources */,
				A3CB601916ABD62A006F03D5 /* ScoreCell.h in Sources */,
				A3CB601B16ABD62A006F03D5 /* MCUserCalculator.h in Sources */,
				A3CB601C16ABD62A006F03D5 /* MCUserManagerController.h in Sources */,
				A3CB601D16ABD62A006F03D5 /* MCUserManagerModel.h in Sources */,
				A3CB601E16ABD62A006F03D5 /* MCScore.h in Sources */,
				A3CB601F16ABD62A006F03D5 /* MCUser.h in Sources */,
				A3CB5F8E16A67ACB006F03D5 /* Quaternion.hpp in Sources */,
				A3CB5F8F16A67ACB006F03D5 /* Matrix.hpp in Sources */,
				A3CB5F9016A67ACB006F03D5 /* Vector.hpp in Sources */,
				A3CB5F9116A67ACB006F03D5 /* MCPoint.h in Sources */,
				A3CB5F8A16A67A7D006F03D5 /* MCRay.h in Sources */,
				A3CB5F8B16A67A7D006F03D5 /* MCRay.mm in Sources */,
				A3CB5F8C16A67A7D006F03D5 /* MCGL.h in Sources */,
				A3CB5F8D16A67A7D006F03D5 /* MCGL.mm in Sources */,
				1D60589B0D05DD56006BFB54 /* main.m in Sources */,
				1D3623260D0F684500981E51 /* MCGameAppDelegate.mm in Sources */,
				48A858DD0FFAFB550060F0B8 /* EAGLView.mm in Sources */,
				48A858E00FFAFC3B0060F0B8 /* MCInputViewController.mm in Sources */,
				48A858E30FFAFC450060F0B8 /* MCSceneController.mm in Sources */,
				48A858E60FFAFC4D0060F0B8 /* MCSceneObject.mm in Sources */,
				48C2AB8A10032DE100F0CFA0 /* MCMesh.mm in Sources */,
				A3F2ACB61616CE6700D622B8 /* MCMaterialController.m in Sources */,
				A3F2ACBA1616CF9900D622B8 /* MCParticleSystem.m in Sources */,
				A3F2ACC01616D9BB00D622B8 /* MCParticle.m in Sources */,
				A3D30BAA1619356200BA477E /* MCTexturedQuad.m in Sources */,
				A3D30BAE161937DF00BA477E /* MCAnimatedQuad.m in Sources */,
				A30C47D1161C38E70057C5E1 /* MCButton.m in Sources */,
				A30C47D4161C694F0057C5E1 /* MCTexturedButton.m in Sources */,
				A30C47D8161C723F0057C5E1 /* MCTexturedMesh.m in Sources */,
				A30C47DF161C86F70057C5E1 /* Cube.m in Sources */,
				A30C47E2161C874F0057C5E1 /* MCMobileObject.m in Sources */,
				A303B51F1629407300BDA199 /* MCOBJLoader.mm in Sources */,
				A3DB2596162D993900AB9F00 /* CoordinatingController.m in Sources */,
				A3051EDD16302870006DFF96 /* MCCountingPlaySceneController__1.mm in Sources */,
				A3051EE016303278006DFF96 /* MCCountingPlayInputViewController__1.mm in Sources */,
				A3051EE316303894006DFF96 /* InputController.mm in Sources */,
				A3D2FC801638D2FD00517CCF /* sceneController.m in Sources */,
				A3C8FEA6165D3D6A007E0046 /* MCMagicCubeUIModelController.m in Sources */,
				A309D8FD165F883000CDA1DC /* RCCube.m in Sources */,
				A309D8FE165F883000CDA1DC /* RCRubiksCube.m in Sources */,
				A3359E57168E944D002F9459 /* SVProgressHUD.m in Sources */,
				A3359E6B168EB6A7002F9459 /* MBProgressHUD.m in Sources */,
				A3C1D18216957371004EB56C /* MCCollider.mm in Sources */,
				A3C1D18A169596DE004EB56C /* MCCollisionController.mm in Sources */,
				A3CB5FF116ABD29C006F03D5 /* MCScore.m in Sources */,
				A3CB5FF216ABD29C006F03D5 /* MCUser.m in Sources */,
				A3CB5FFC16ABD2AC006F03D5 /* MCUserCalculator.m in Sources */,
				A3CB5FFD16ABD2AC006F03D5 /* MCUserManagerController.m in Sources */,
				A3CB5FFE16ABD2AC006F03D5 /* MCUserManagerModel.m in Sources */,
				A3CB600E16ABD55B006F03D5 /* UserManagerSystemViewController.m in Sources */,
				A3CB601016ABD55B006F03D5 /* PopChangeUserViewController.m in Sources */,
				A3CB601216ABD55B006F03D5 /* PopCreateUserViewController.m in Sources */,
				A3CB601416ABD55B006F03D5 /* ScoreCell.m in Sources */,
				A3BDFF5816BCF8FE00892504 /* MCStepCounter.m in Sources */,
				A3EB454816BE358700DBB8B7 /* MCMultiDigitCounter.m in Sources */,
			);
			runOnlyForDeploymentPostprocessing = 0;
		};
/* End PBXSourcesBuildPhase section */

/* Begin XCBuildConfiguration section */
		1D6058940D05DD3E006BFB54 /* Debug */ = {
			isa = XCBuildConfiguration;
			buildSettings = {
				ALWAYS_SEARCH_USER_PATHS = NO;
				COPY_PHASE_STRIP = NO;
				GCC_DYNAMIC_NO_PIC = NO;
				GCC_OPTIMIZATION_LEVEL = 0;
				GCC_PRECOMPILE_PREFIX_HEADER = YES;
				GCC_PREFIX_HEADER = MCGame_Prefix.pch;
				INFOPLIST_FILE = "MCGame-Info.plist";
				IPHONEOS_DEPLOYMENT_TARGET = 5.1;
				LIBRARY_SEARCH_PATHS = (
					"$(inherited)",
					"\"$(SRCROOT)/Classes\"",
				);
				New_Setting = "";
				PRODUCT_NAME = MCGame;
				TARGETED_DEVICE_FAMILY = 2;
			};
			name = Debug;
		};
		1D6058950D05DD3E006BFB54 /* Release */ = {
			isa = XCBuildConfiguration;
			buildSettings = {
				ALWAYS_SEARCH_USER_PATHS = NO;
				COPY_PHASE_STRIP = YES;
				GCC_PRECOMPILE_PREFIX_HEADER = YES;
				GCC_PREFIX_HEADER = MCGame_Prefix.pch;
				INFOPLIST_FILE = "MCGame-Info.plist";
				IPHONEOS_DEPLOYMENT_TARGET = 5.1;
				LIBRARY_SEARCH_PATHS = (
					"$(inherited)",
					"\"$(SRCROOT)/Classes\"",
				);
				New_Setting = "";
				PRODUCT_NAME = MCGame;
				TARGETED_DEVICE_FAMILY = 2;
			};
			name = Release;
		};
		C01FCF4F08A954540054247B /* Debug */ = {
			isa = XCBuildConfiguration;
			buildSettings = {
				ARCHS = "$(ARCHS_STANDARD_32_BIT)";
				"CODE_SIGN_IDENTITY[sdk=iphoneos*]" = "";
				GCC_C_LANGUAGE_STANDARD = c99;
				GCC_INPUT_FILETYPE = sourcecode.cpp.objcpp;
				GCC_WARN_ABOUT_RETURN_TYPE = YES;
				GCC_WARN_UNUSED_VARIABLE = YES;
				IPHONEOS_DEPLOYMENT_TARGET = 4.3;
				PREBINDING = NO;
				SDKROOT = iphoneos5.1;
			};
			name = Debug;
		};
		C01FCF5008A954540054247B /* Release */ = {
			isa = XCBuildConfiguration;
			buildSettings = {
				ARCHS = "$(ARCHS_STANDARD_32_BIT)";
				"CODE_SIGN_IDENTITY[sdk=iphoneos*]" = "";
				GCC_C_LANGUAGE_STANDARD = c99;
				GCC_INPUT_FILETYPE = sourcecode.cpp.objcpp;
				GCC_WARN_ABOUT_RETURN_TYPE = YES;
				GCC_WARN_UNUSED_VARIABLE = YES;
				IPHONEOS_DEPLOYMENT_TARGET = 4.3;
				PREBINDING = NO;
				SDKROOT = iphoneos5.1;
			};
			name = Release;
		};
/* End XCBuildConfiguration section */

/* Begin XCConfigurationList section */
		1D6058960D05DD3E006BFB54 /* Build configuration list for PBXNativeTarget "MCGame" */ = {
			isa = XCConfigurationList;
			buildConfigurations = (
				1D6058940D05DD3E006BFB54 /* Debug */,
				1D6058950D05DD3E006BFB54 /* Release */,
			);
			defaultConfigurationIsVisible = 0;
			defaultConfigurationName = Release;
		};
		C01FCF4E08A954540054247B /* Build configuration list for PBXProject "MCGame" */ = {
			isa = XCConfigurationList;
			buildConfigurations = (
				C01FCF4F08A954540054247B /* Debug */,
				C01FCF5008A954540054247B /* Release */,
			);
			defaultConfigurationIsVisible = 0;
			defaultConfigurationName = Release;
		};
/* End XCConfigurationList section */
	};
	rootObject = 29B97313FDCFA39411CA2CEA /* Project object */;
}
